
Microsoft Visual Studio Solution File, Format Version 12.00
# Visual Studio Version 17
VisualStudioVersion = 17.0.32014.148
MinimumVisualStudioVersion = 10.0.40219.1
Project("{FAE04EC0-301F-11D3-BF4B-00C04F79EFBC}") = "ProjectSeePass", "PasswordManager\ProjectSeePass.csproj", "{AE2E46EC-8527-4D34-8D87-06BE2BFC2C0E}"
EndProject
Global
	GlobalSection(SolutionConfigurationPlatforms) = preSolution
		Debug|Any CPU = Debug|Any CPU
		Release|Any CPU = Release|Any CPU
	EndGlobalSection
	GlobalSection(ProjectConfigurationPlatforms) = postSolution
		{AE2E46EC-8527-4D34-8D87-06BE2BFC2C0E}.Debug|Any CPU.ActiveCfg = Debug|Any CPU
		{AE2E46EC-8527-4D34-8D87-06BE2BFC2C0E}.Debug|Any CPU.Build.0 = Debug|Any CPU
		{AE2E46EC-8527-4D34-8D87-06BE2BFC2C0E}.Release|Any CPU.ActiveCfg = Release|Any CPU
		{AE2E46EC-8527-4D34-8D87-06BE2BFC2C0E}.Release|Any CPU.Build.0 = Release|Any CPU
	EndGlobalSection
	GlobalSection(SolutionProperties) = preSolution
		HideSolutionNode = FALSE
	EndGlobalSection
	GlobalSection(ExtensibilityGlobals) = postSolution
		SolutionGuid = {E240A012-5E3E-4F17-BD2C-3CB2650E6DE1}
	EndGlobalSection
EndGlobal
