
Microsoft Visual Studio Solution File, Format Version 12.00
# Visual Studio Version 17
VisualStudioVersion = 17.2.32505.173
MinimumVisualStudioVersion = 10.0.40219.1
Project("{FAE04EC0-301F-11D3-BF4B-00C04F79EFBC}") = "SeePassInstaller", "SeePassInstaller\SeePassInstaller.csproj", "{1D91F721-905E-4B0F-86AC-91EF7C96564D}"
EndProject
Global
	GlobalSection(SolutionConfigurationPlatforms) = preSolution
		Debug|Any CPU = Debug|Any CPU
		Release|Any CPU = Release|Any CPU
	EndGlobalSection
	GlobalSection(ProjectConfigurationPlatforms) = postSolution
		{1D91F721-905E-4B0F-86AC-91EF7C96564D}.Debug|Any CPU.ActiveCfg = Debug|Any CPU
		{1D91F721-905E-4B0F-86AC-91EF7C96564D}.Debug|Any CPU.Build.0 = Debug|Any CPU
		{1D91F721-905E-4B0F-86AC-91EF7C96564D}.Release|Any CPU.ActiveCfg = Release|Any CPU
		{1D91F721-905E-4B0F-86AC-91EF7C96564D}.Release|Any CPU.Build.0 = Release|Any CPU
	EndGlobalSection
	GlobalSection(SolutionProperties) = preSolution
		HideSolutionNode = FALSE
	EndGlobalSection
	GlobalSection(ExtensibilityGlobals) = postSolution
		SolutionGuid = {43347F9E-9511-499B-9799-9420F1EFE8C1}
	EndGlobalSection
EndGlobal
